
Microsoft Visual Studio Solution File, Format Version 12.00
# Visual Studio Version 17
VisualStudioVersion = 17.4.33110.190
MinimumVisualStudioVersion = 10.0.40219.1
Project("{FAE04EC0-301F-11D3-BF4B-00C04F79EFBC}") = "FileManager", "FileManager\FileManager.csproj", "{95654EF1-649C-42FA-8272-CDBD237E3F18}"
EndProject
Global
	GlobalSection(SolutionConfigurationPlatforms) = preSolution
		Debug|Any CPU = Debug|Any CPU
		Release|Any CPU = Release|Any CPU
	EndGlobalSection
	GlobalSection(ProjectConfigurationPlatforms) = postSolution
		{95654EF1-649C-42FA-8272-CDBD237E3F18}.Debug|Any CPU.ActiveCfg = Debug|Any CPU
		{95654EF1-649C-42FA-8272-CDBD237E3F18}.Debug|Any CPU.Build.0 = Debug|Any CPU
		{95654EF1-649C-42FA-8272-CDBD237E3F18}.Release|Any CPU.ActiveCfg = Release|Any CPU
		{95654EF1-649C-42FA-8272-CDBD237E3F18}.Release|Any CPU.Build.0 = Release|Any CPU
	EndGlobalSection
	GlobalSection(SolutionProperties) = preSolution
		HideSolutionNode = FALSE
	EndGlobalSection
	GlobalSection(ExtensibilityGlobals) = postSolution
		SolutionGuid = {F771B662-25BA-4FD3-B602-8582673471B8}
	EndGlobalSection
EndGlobal
